
Microsoft Visual Studio Solution File, Format Version 12.00
# Visual Studio Version 16
VisualStudioVersion = 16.0.30804.86
MinimumVisualStudioVersion = 10.0.40219.1
Project("{FAE04EC0-301F-11D3-BF4B-00C04F79EFBC}") = "ISExample", "ISExample.csproj", "{73DF59F9-8678-472C-9C0A-0B899031FED4}"
EndProject
Global
	GlobalSection(SolutionConfigurationPlatforms) = preSolution
		Debug|Any CPU = Debug|Any CPU
		Release|Any CPU = Release|Any CPU
	EndGlobalSection
	GlobalSection(ProjectConfigurationPlatforms) = postSolution
		{73DF59F9-8678-472C-9C0A-0B899031FED4}.Debug|Any CPU.ActiveCfg = Debug|Any CPU
		{73DF59F9-8678-472C-9C0A-0B899031FED4}.Debug|Any CPU.Build.0 = Debug|Any CPU
		{73DF59F9-8678-472C-9C0A-0B899031FED4}.Release|Any CPU.ActiveCfg = Release|Any CPU
		{73DF59F9-8678-472C-9C0A-0B899031FED4}.Release|Any CPU.Build.0 = Release|Any CPU
	EndGlobalSection
	GlobalSection(SolutionProperties) = preSolution
		HideSolutionNode = FALSE
	EndGlobalSection
	GlobalSection(ExtensibilityGlobals) = postSolution
		SolutionGuid = {FA2D2781-814F-41AA-84FC-844AE4F30A82}
	EndGlobalSection
EndGlobal
